// !$*UTF8*$!
{
	archiveVersion = 1;
	classes = {
	};
	objectVersion = 46;
	objects = {

/* Begin PBXBuildFile section */
		1B99BAA118646D6600FA6981 /* TCCPeoplePickerController.m in Sources */ = {isa = PBXBuildFile; fileRef = 1B99BAA018646D6600FA6981 /* TCCPeoplePickerController.m */; };
		1B99BAA31864737A00FA6981 /* AddressBook.framework in Frameworks */ = {isa = PBXBuildFile; fileRef = 1B99BAA21864737A00FA6981 /* AddressBook.framework */; };
		1BC0D3D4186284B40052F2B1 /* Cocoa.framework in Frameworks */ = {isa = PBXBuildFile; fileRef = 1BC0D3D3186284B40052F2B1 /* Cocoa.framework */; };
		1BC0D3DE186284B40052F2B1 /* InfoPlist.strings in Resources */ = {isa = PBXBuildFile; fileRef = 1BC0D3DC186284B40052F2B1 /* InfoPlist.strings */; };
		1BC0D3E0186284B40052F2B1 /* main.m in Sources */ = {isa = PBXBuildFile; fileRef = 1BC0D3DF186284B40052F2B1 /* main.m */; };
		1BC0D3E4186284B40052F2B1 /* Credits.rtf in Resources */ = {isa = PBXBuildFile; fileRef = 1BC0D3E2186284B40052F2B1 /* Credits.rtf */; };
		1BC0D3E7186284B40052F2B1 /* TCCAppDelegate.m in Sources */ = {isa = PBXBuildFile; fileRef = 1BC0D3E6186284B40052F2B1 /* TCCAppDelegate.m */; };
		1BC0D3EA186284B40052F2B1 /* MainMenu.xib in Resources */ = {isa = PBXBuildFile; fileRef = 1BC0D3E8186284B40052F2B1 /* MainMenu.xib */; };
		1BC0D3EC186284B40052F2B1 /* Images.xcassets in Resources */ = {isa = PBXBuildFile; fileRef = 1BC0D3EB186284B40052F2B1 /* Images.xcassets */; };
		1BC0D3F3186284B40052F2B1 /* XCTest.framework in Frameworks */ = {isa = PBXBuildFile; fileRef = 1BC0D3F2186284B40052F2B1 /* XCTest.framework */; };
		1BC0D3F4186284B40052F2B1 /* Cocoa.framework in Frameworks */ = {isa = PBXBuildFile; fileRef = 1BC0D3D3186284B40052F2B1 /* Cocoa.framework */; };
		1BC0D3FC186284B40052F2B1 /* InfoPlist.strings in Resources */ = {isa = PBXBuildFile; fileRef = 1BC0D3FA186284B40052F2B1 /* InfoPlist.strings */; };
		1BC0D3FE186284B40052F2B1 /* Advanced_Contact_ManagerTests.m in Sources */ = {isa = PBXBuildFile; fileRef = 1BC0D3FD186284B40052F2B1 /* Advanced_Contact_ManagerTests.m */; };
		1BC0D41C186292A90052F2B1 /* EvernoteSDK-Mac.framework in Frameworks */ = {isa = PBXBuildFile; fileRef = 1BC0D415186292860052F2B1 /* EvernoteSDK-Mac.framework */; };
		1BC0D41E186292CC0052F2B1 /* EvernoteSDK-Mac.framework in CopyFiles */ = {isa = PBXBuildFile; fileRef = 1BC0D415186292860052F2B1 /* EvernoteSDK-Mac.framework */; };
		1BDC294618640F96002C6758 /* ContactsPopover.m in Sources */ = {isa = PBXBuildFile; fileRef = 1BDC294518640F96002C6758 /* ContactsPopover.m */; };
		1BDC29481864114B002C6758 /* ContactsPopover.xib in Resources */ = {isa = PBXBuildFile; fileRef = 1BDC29471864114B002C6758 /* ContactsPopover.xib */; };
/* End PBXBuildFile section */

/* Begin PBXContainerItemProxy section */
		1BC0D3F5186284B40052F2B1 /* PBXContainerItemProxy */ = {
			isa = PBXContainerItemProxy;
			containerPortal = 1BC0D3C8186284B40052F2B1 /* Project object */;
			proxyType = 1;
			remoteGlobalIDString = 1BC0D3CF186284B40052F2B1;
			remoteInfo = "Advanced Contact Manager";
		};
		1BC0D412186292860052F2B1 /* PBXContainerItemProxy */ = {
			isa = PBXContainerItemProxy;
			containerPortal = 1BC0D40A186292850052F2B1 /* EvernoteSDK.xcodeproj */;
			proxyType = 2;
			remoteGlobalIDString = 0BB3D1AD1524ED96001C4534;
			remoteInfo = EvernoteSDK;
		};
		1BC0D414186292860052F2B1 /* PBXContainerItemProxy */ = {
			isa = PBXContainerItemProxy;
			containerPortal = 1BC0D40A186292850052F2B1 /* EvernoteSDK.xcodeproj */;
			proxyType = 2;
			remoteGlobalIDString = 43741864170ADB2400D2BE51;
			remoteInfo = "EvernoteSDK-Mac";
		};
		1BC0D416186292860052F2B1 /* PBXContainerItemProxy */ = {
			isa = PBXContainerItemProxy;
			containerPortal = 1BC0D40A186292850052F2B1 /* EvernoteSDK.xcodeproj */;
			proxyType = 2;
			remoteGlobalIDString = 0BB3D26E1524EF37001C4534;
			remoteInfo = "SampleApp-iOS";
		};
		1BC0D418186292860052F2B1 /* PBXContainerItemProxy */ = {
			isa = PBXContainerItemProxy;
			containerPortal = 1BC0D40A186292850052F2B1 /* EvernoteSDK.xcodeproj */;
			proxyType = 2;
			remoteGlobalIDString = 437418AC170ADCD600D2BE51;
			remoteInfo = "SampleApp-Mac";
		};
		1BC0D41A186292860052F2B1 /* PBXContainerItemProxy */ = {
			isa = PBXContainerItemProxy;
			containerPortal = 1BC0D40A186292850052F2B1 /* EvernoteSDK.xcodeproj */;
			proxyType = 2;
			remoteGlobalIDString = 0BDBBC431550A11A003E6681;
			remoteInfo = UnitTests;
		};
/* End PBXContainerItemProxy section */

/* Begin PBXCopyFilesBuildPhase section */
		1BC0D41D186292B40052F2B1 /* CopyFiles */ = {
			isa = PBXCopyFilesBuildPhase;
			buildActionMask = 2147483647;
			dstPath = "";
			dstSubfolderSpec = 10;
			files = (
				1BC0D41E186292CC0052F2B1 /* EvernoteSDK-Mac.framework in CopyFiles */,
			);
			runOnlyForDeploymentPostprocessing = 0;
		};
/* End PBXCopyFilesBuildPhase section */

/* Begin PBXFileReference section */
		1B99BA9F18646D6600FA6981 /* TCCPeoplePickerController.h */ = {isa = PBXFileReference; fileEncoding = 4; lastKnownFileType = sourcecode.c.h; path = TCCPeoplePickerController.h; sourceTree = "<group>"; };
		1B99BAA018646D6600FA6981 /* TCCPeoplePickerController.m */ = {isa = PBXFileReference; fileEncoding = 4; lastKnownFileType = sourcecode.c.objc; path = TCCPeoplePickerController.m; sourceTree = "<group>"; };
		1B99BAA21864737A00FA6981 /* AddressBook.framework */ = {isa = PBXFileReference; lastKnownFileType = wrapper.framework; name = AddressBook.framework; path = System/Library/Frameworks/AddressBook.framework; sourceTree = SDKROOT; };
		1BC0D3D0186284B40052F2B1 /* Advanced Contact Manager.app */ = {isa = PBXFileReference; explicitFileType = wrapper.application; includeInIndex = 0; path = "Advanced Contact Manager.app"; sourceTree = BUILT_PRODUCTS_DIR; };
		1BC0D3D3186284B40052F2B1 /* Cocoa.framework */ = {isa = PBXFileReference; lastKnownFileType = wrapper.framework; name = Cocoa.framework; path = System/Library/Frameworks/Cocoa.framework; sourceTree = SDKROOT; };
		1BC0D3D6186284B40052F2B1 /* AppKit.framework */ = {isa = PBXFileReference; lastKnownFileType = wrapper.framework; name = AppKit.framework; path = System/Library/Frameworks/AppKit.framework; sourceTree = SDKROOT; };
		1BC0D3D7186284B40052F2B1 /* CoreData.framework */ = {isa = PBXFileReference; lastKnownFileType = wrapper.framework; name = CoreData.framework; path = System/Library/Frameworks/CoreData.framework; sourceTree = SDKROOT; };
		1BC0D3D8186284B40052F2B1 /* Foundation.framework */ = {isa = PBXFileReference; lastKnownFileType = wrapper.framework; name = Foundation.framework; path = System/Library/Frameworks/Foundation.framework; sourceTree = SDKROOT; };
		1BC0D3DB186284B40052F2B1 /* Advanced Contact Manager-Info.plist */ = {isa = PBXFileReference; lastKnownFileType = text.plist.xml; path = "Advanced Contact Manager-Info.plist"; sourceTree = "<group>"; };
		1BC0D3DD186284B40052F2B1 /* en */ = {isa = PBXFileReference; lastKnownFileType = text.plist.strings; name = en; path = en.lproj/InfoPlist.strings; sourceTree = "<group>"; };
		1BC0D3DF186284B40052F2B1 /* main.m */ = {isa = PBXFileReference; lastKnownFileType = sourcecode.c.objc; path = main.m; sourceTree = "<group>"; };
		1BC0D3E1186284B40052F2B1 /* Advanced Contact Manager-Prefix.pch */ = {isa = PBXFileReference; lastKnownFileType = sourcecode.c.h; path = "Advanced Contact Manager-Prefix.pch"; sourceTree = "<group>"; };
		1BC0D3E3186284B40052F2B1 /* en */ = {isa = PBXFileReference; lastKnownFileType = text.rtf; name = en; path = en.lproj/Credits.rtf; sourceTree = "<group>"; };
		1BC0D3E5186284B40052F2B1 /* TCCAppDelegate.h */ = {isa = PBXFileReference; lastKnownFileType = sourcecode.c.h; path = TCCAppDelegate.h; sourceTree = "<group>"; };
		1BC0D3E6186284B40052F2B1 /* TCCAppDelegate.m */ = {isa = PBXFileReference; lastKnownFileType = sourcecode.c.objc; path = TCCAppDelegate.m; sourceTree = "<group>"; };
		1BC0D3E9186284B40052F2B1 /* Base */ = {isa = PBXFileReference; lastKnownFileType = file.xib; name = Base; path = Base.lproj/MainMenu.xib; sourceTree = "<group>"; };
		1BC0D3EB186284B40052F2B1 /* Images.xcassets */ = {isa = PBXFileReference; lastKnownFileType = folder.assetcatalog; path = Images.xcassets; sourceTree = "<group>"; };
		1BC0D3F1186284B40052F2B1 /* Advanced Contact ManagerTests.xctest */ = {isa = PBXFileReference; explicitFileType = wrapper.cfbundle; includeInIndex = 0; path = "Advanced Contact ManagerTests.xctest"; sourceTree = BUILT_PRODUCTS_DIR; };
		1BC0D3F2186284B40052F2B1 /* XCTest.framework */ = {isa = PBXFileReference; lastKnownFileType = wrapper.framework; name = XCTest.framework; path = Library/Frameworks/XCTest.framework; sourceTree = DEVELOPER_DIR; };
		1BC0D3F9186284B40052F2B1 /* Advanced Contact ManagerTests-Info.plist */ = {isa = PBXFileReference; lastKnownFileType = text.plist.xml; path = "Advanced Contact ManagerTests-Info.plist"; sourceTree = "<group>"; };
		1BC0D3FB186284B40052F2B1 /* en */ = {isa = PBXFileReference; lastKnownFileType = text.plist.strings; name = en; path = en.lproj/InfoPlist.strings; sourceTree = "<group>"; };
		1BC0D3FD186284B40052F2B1 /* Advanced_Contact_ManagerTests.m */ = {isa = PBXFileReference; lastKnownFileType = sourcecode.c.objc; path = Advanced_Contact_ManagerTests.m; sourceTree = "<group>"; };
		1BC0D40A186292850052F2B1 /* EvernoteSDK.xcodeproj */ = {isa = PBXFileReference; lastKnownFileType = "wrapper.pb-project"; name = EvernoteSDK.xcodeproj; path = "../evernote-sdk-mac/EvernoteSDK.xcodeproj"; sourceTree = "<group>"; };
		1BDC294418640F96002C6758 /* ContactsPopover.h */ = {isa = PBXFileReference; fileEncoding = 4; lastKnownFileType = sourcecode.c.h; path = ContactsPopover.h; sourceTree = "<group>"; };
		1BDC294518640F96002C6758 /* ContactsPopover.m */ = {isa = PBXFileReference; fileEncoding = 4; lastKnownFileType = sourcecode.c.objc; path = ContactsPopover.m; sourceTree = "<group>"; };
		1BDC29471864114B002C6758 /* ContactsPopover.xib */ = {isa = PBXFileReference; fileEncoding = 4; lastKnownFileType = file.xib; path = ContactsPopover.xib; sourceTree = "<group>"; };
/* End PBXFileReference section */

/* Begin PBXFrameworksBuildPhase section */
		1BC0D3CD186284B40052F2B1 /* Frameworks */ = {
			isa = PBXFrameworksBuildPhase;
			buildActionMask = 2147483647;
			files = (
				1B99BAA31864737A00FA6981 /* AddressBook.framework in Frameworks */,
				1BC0D41C186292A90052F2B1 /* EvernoteSDK-Mac.framework in Frameworks */,
				1BC0D3D4186284B40052F2B1 /* Cocoa.framework in Frameworks */,
			);
			runOnlyForDeploymentPostprocessing = 0;
		};
		1BC0D3EE186284B40052F2B1 /* Frameworks */ = {
			isa = PBXFrameworksBuildPhase;
			buildActionMask = 2147483647;
			files = (
				1BC0D3F4186284B40052F2B1 /* Cocoa.framework in Frameworks */,
				1BC0D3F3186284B40052F2B1 /* XCTest.framework in Frameworks */,
			);
			runOnlyForDeploymentPostprocessing = 0;
		};
/* End PBXFrameworksBuildPhase section */

/* Begin PBXGroup section */
		1BC0D3C7186284B40052F2B1 = {
			isa = PBXGroup;
			children = (
				1BC0D40A186292850052F2B1 /* EvernoteSDK.xcodeproj */,
				1BC0D3D9186284B40052F2B1 /* Advanced Contact Manager */,
				1BC0D3F7186284B40052F2B1 /* Advanced Contact ManagerTests */,
				1BC0D3D2186284B40052F2B1 /* Frameworks */,
				1BC0D3D1186284B40052F2B1 /* Products */,
			);
			sourceTree = "<group>";
		};
		1BC0D3D1186284B40052F2B1 /* Products */ = {
			isa = PBXGroup;
			children = (
				1BC0D3D0186284B40052F2B1 /* Advanced Contact Manager.app */,
				1BC0D3F1186284B40052F2B1 /* Advanced Contact ManagerTests.xctest */,
			);
			name = Products;
			sourceTree = "<group>";
		};
		1BC0D3D2186284B40052F2B1 /* Frameworks */ = {
			isa = PBXGroup;
			children = (
				1B99BAA21864737A00FA6981 /* AddressBook.framework */,
				1BC0D3D3186284B40052F2B1 /* Cocoa.framework */,
				1BC0D3F2186284B40052F2B1 /* XCTest.framework */,
				1BC0D3D5186284B40052F2B1 /* Other Frameworks */,
			);
			name = Frameworks;
			sourceTree = "<group>";
		};
		1BC0D3D5186284B40052F2B1 /* Other Frameworks */ = {
			isa = PBXGroup;
			children = (
				1BC0D3D6186284B40052F2B1 /* AppKit.framework */,
				1BC0D3D7186284B40052F2B1 /* CoreData.framework */,
				1BC0D3D8186284B40052F2B1 /* Foundation.framework */,
			);
			name = "Other Frameworks";
			sourceTree = "<group>";
		};
		1BC0D3D9186284B40052F2B1 /* Advanced Contact Manager */ = {
			isa = PBXGroup;
			children = (
				1BC0D3E5186284B40052F2B1 /* TCCAppDelegate.h */,
				1BC0D3E6186284B40052F2B1 /* TCCAppDelegate.m */,
				1BC0D3E8186284B40052F2B1 /* MainMenu.xib */,
				1BDC294A186414B0002C6758 /* UI Components */,
				1BC0D3EB186284B40052F2B1 /* Images.xcassets */,
				1BC0D3DA186284B40052F2B1 /* Supporting Files */,
			);
			path = "Advanced Contact Manager";
			sourceTree = "<group>";
		};
		1BC0D3DA186284B40052F2B1 /* Supporting Files */ = {
			isa = PBXGroup;
			children = (
				1BC0D3DB186284B40052F2B1 /* Advanced Contact Manager-Info.plist */,
				1BC0D3DC186284B40052F2B1 /* InfoPlist.strings */,
				1BC0D3DF186284B40052F2B1 /* main.m */,
				1BC0D3E1186284B40052F2B1 /* Advanced Contact Manager-Prefix.pch */,
				1BC0D3E2186284B40052F2B1 /* Credits.rtf */,
			);
			name = "Supporting Files";
			sourceTree = "<group>";
		};
		1BC0D3F7186284B40052F2B1 /* Advanced Contact ManagerTests */ = {
			isa = PBXGroup;
			children = (
				1BC0D3FD186284B40052F2B1 /* Advanced_Contact_ManagerTests.m */,
				1BC0D3F8186284B40052F2B1 /* Supporting Files */,
			);
			path = "Advanced Contact ManagerTests";
			sourceTree = "<group>";
		};
		1BC0D3F8186284B40052F2B1 /* Supporting Files */ = {
			isa = PBXGroup;
			children = (
				1BC0D3F9186284B40052F2B1 /* Advanced Contact ManagerTests-Info.plist */,
				1BC0D3FA186284B40052F2B1 /* InfoPlist.strings */,
			);
			name = "Supporting Files";
			sourceTree = "<group>";
		};
		1BC0D40B186292850052F2B1 /* Products */ = {
			isa = PBXGroup;
			children = (
				1BC0D413186292860052F2B1 /* libEvernoteSDK.a */,
				1BC0D415186292860052F2B1 /* EvernoteSDK-Mac.framework */,
				1BC0D417186292860052F2B1 /* SampleApp-iOS.app */,
				1BC0D419186292860052F2B1 /* SampleApp-Mac.app */,
				1BC0D41B186292860052F2B1 /* UnitTests.octest */,
			);
			name = Products;
			sourceTree = "<group>";
		};
		1BDC29491864146B002C6758 /* ContactsPopover */ = {
			isa = PBXGroup;
			children = (
				1B99BA9F18646D6600FA6981 /* TCCPeoplePickerController.h */,
				1B99BAA018646D6600FA6981 /* TCCPeoplePickerController.m */,
				1BDC294418640F96002C6758 /* ContactsPopover.h */,
				1BDC294518640F96002C6758 /* ContactsPopover.m */,
				1BDC29471864114B002C6758 /* ContactsPopover.xib */,
			);
			name = ContactsPopover;
			sourceTree = "<group>";
		};
		1BDC294A186414B0002C6758 /* UI Components */ = {
			isa = PBXGroup;
			children = (
				1BDC29491864146B002C6758 /* ContactsPopover */,
			);
			name = "UI Components";
			sourceTree = "<group>";
		};
/* End PBXGroup section */

/* Begin PBXNativeTarget section */
		1BC0D3CF186284B40052F2B1 /* Advanced Contact Manager */ = {
			isa = PBXNativeTarget;
			buildConfigurationList = 1BC0D401186284B40052F2B1 /* Build configuration list for PBXNativeTarget "Advanced Contact Manager" */;
			buildPhases = (
				1BC0D3CC186284B40052F2B1 /* Sources */,
				1BC0D3CD186284B40052F2B1 /* Frameworks */,
				1BC0D3CE186284B40052F2B1 /* Resources */,
				1BC0D41D186292B40052F2B1 /* CopyFiles */,
			);
			buildRules = (
			);
			dependencies = (
			);
			name = "Advanced Contact Manager";
			productName = "Advanced Contact Manager";
			productReference = 1BC0D3D0186284B40052F2B1 /* Advanced Contact Manager.app */;
			productType = "com.apple.product-type.application";
		};
		1BC0D3F0186284B40052F2B1 /* Advanced Contact ManagerTests */ = {
			isa = PBXNativeTarget;
			buildConfigurationList = 1BC0D404186284B40052F2B1 /* Build configuration list for PBXNativeTarget "Advanced Contact ManagerTests" */;
			buildPhases = (
				1BC0D3ED186284B40052F2B1 /* Sources */,
				1BC0D3EE186284B40052F2B1 /* Frameworks */,
				1BC0D3EF186284B40052F2B1 /* Resources */,
			);
			buildRules = (
			);
			dependencies = (
				1BC0D3F6186284B40052F2B1 /* PBXTargetDependency */,
			);
			name = "Advanced Contact ManagerTests";
			productName = "Advanced Contact ManagerTests";
			productReference = 1BC0D3F1186284B40052F2B1 /* Advanced Contact ManagerTests.xctest */;
			productType = "com.apple.product-type.bundle.unit-test";
		};
/* End PBXNativeTarget section */

/* Begin PBXProject section */
		1BC0D3C8186284B40052F2B1 /* Project object */ = {
			isa = PBXProject;
			attributes = {
				CLASSPREFIX = TCC;
				LastUpgradeCheck = 0500;
				ORGANIZATIONNAME = "Trinity Creative Solutions, LLC.";
				TargetAttributes = {
					1BC0D3F0186284B40052F2B1 = {
						TestTargetID = 1BC0D3CF186284B40052F2B1;
					};
				};
			};
			buildConfigurationList = 1BC0D3CB186284B40052F2B1 /* Build configuration list for PBXProject "Advanced Contact Manager" */;
			compatibilityVersion = "Xcode 3.2";
			developmentRegion = English;
			hasScannedForEncodings = 0;
			knownRegions = (
				en,
				Base,
			);
			mainGroup = 1BC0D3C7186284B40052F2B1;
			productRefGroup = 1BC0D3D1186284B40052F2B1 /* Products */;
			projectDirPath = "";
			projectReferences = (
				{
					ProductGroup = 1BC0D40B186292850052F2B1 /* Products */;
					ProjectRef = 1BC0D40A186292850052F2B1 /* EvernoteSDK.xcodeproj */;
				},
			);
			projectRoot = "";
			targets = (
				1BC0D3CF186284B40052F2B1 /* Advanced Contact Manager */,
				1BC0D3F0186284B40052F2B1 /* Advanced Contact ManagerTests */,
			);
		};
/* End PBXProject section */

/* Begin PBXReferenceProxy section */
		1BC0D413186292860052F2B1 /* libEvernoteSDK.a */ = {
			isa = PBXReferenceProxy;
			fileType = archive.ar;
			path = libEvernoteSDK.a;
			remoteRef = 1BC0D412186292860052F2B1 /* PBXContainerItemProxy */;
			sourceTree = BUILT_PRODUCTS_DIR;
		};
		1BC0D415186292860052F2B1 /* EvernoteSDK-Mac.framework */ = {
			isa = PBXReferenceProxy;
			fileType = wrapper.framework;
			path = "EvernoteSDK-Mac.framework";
			remoteRef = 1BC0D414186292860052F2B1 /* PBXContainerItemProxy */;
			sourceTree = BUILT_PRODUCTS_DIR;
		};
		1BC0D417186292860052F2B1 /* SampleApp-iOS.app */ = {
			isa = PBXReferenceProxy;
			fileType = wrapper.application;
			path = "SampleApp-iOS.app";
			remoteRef = 1BC0D416186292860052F2B1 /* PBXContainerItemProxy */;
			sourceTree = BUILT_PRODUCTS_DIR;
		};
		1BC0D419186292860052F2B1 /* SampleApp-Mac.app */ = {
			isa = PBXReferenceProxy;
			fileType = wrapper.application;
			path = "SampleApp-Mac.app";
			remoteRef = 1BC0D418186292860052F2B1 /* PBXContainerItemProxy */;
			sourceTree = BUILT_PRODUCTS_DIR;
		};
		1BC0D41B186292860052F2B1 /* UnitTests.octest */ = {
			isa = PBXReferenceProxy;
			fileType = wrapper.cfbundle;
			path = UnitTests.octest;
			remoteRef = 1BC0D41A186292860052F2B1 /* PBXContainerItemProxy */;
			sourceTree = BUILT_PRODUCTS_DIR;
		};
/* End PBXReferenceProxy section */

/* Begin PBXResourcesBuildPhase section */
		1BC0D3CE186284B40052F2B1 /* Resources */ = {
			isa = PBXResourcesBuildPhase;
			buildActionMask = 2147483647;
			files = (
				1BC0D3DE186284B40052F2B1 /* InfoPlist.strings in Resources */,
				1BC0D3EC186284B40052F2B1 /* Images.xcassets in Resources */,
				1BC0D3E4186284B40052F2B1 /* Credits.rtf in Resources */,
				1BC0D3EA186284B40052F2B1 /* MainMenu.xib in Resources */,
				1BDC29481864114B002C6758 /* ContactsPopover.xib in Resources */,
			);
			runOnlyForDeploymentPostprocessing = 0;
		};
		1BC0D3EF186284B40052F2B1 /* Resources */ = {
			isa = PBXResourcesBuildPhase;
			buildActionMask = 2147483647;
			files = (
				1BC0D3FC186284B40052F2B1 /* InfoPlist.strings in Resources */,
			);
			runOnlyForDeploymentPostprocessing = 0;
		};
/* End PBXResourcesBuildPhase section */

/* Begin PBXSourcesBuildPhase section */
		1BC0D3CC186284B40052F2B1 /* Sources */ = {
			isa = PBXSourcesBuildPhase;
			buildActionMask = 2147483647;
			files = (
				1BC0D3E0186284B40052F2B1 /* main.m in Sources */,
				1BDC294618640F96002C6758 /* ContactsPopover.m in Sources */,
				1BC0D3E7186284B40052F2B1 /* TCCAppDelegate.m in Sources */,
				1B99BAA118646D6600FA6981 /* TCCPeoplePickerController.m in Sources */,
			);
			runOnlyForDeploymentPostprocessing = 0;
		};
		1BC0D3ED186284B40052F2B1 /* Sources */ = {
			isa = PBXSourcesBuildPhase;
			buildActionMask = 2147483647;
			files = (
				1BC0D3FE186284B40052F2B1 /* Advanced_Contact_ManagerTests.m in Sources */,
			);
			runOnlyForDeploymentPostprocessing = 0;
		};
/* End PBXSourcesBuildPhase section */

/* Begin PBXTargetDependency section */
		1BC0D3F6186284B40052F2B1 /* PBXTargetDependency */ = {
			isa = PBXTargetDependency;
			target = 1BC0D3CF186284B40052F2B1 /* Advanced Contact Manager */;
			targetProxy = 1BC0D3F5186284B40052F2B1 /* PBXContainerItemProxy */;
		};
/* End PBXTargetDependency section */

/* Begin PBXVariantGroup section */
		1BC0D3DC186284B40052F2B1 /* InfoPlist.strings */ = {
			isa = PBXVariantGroup;
			children = (
				1BC0D3DD186284B40052F2B1 /* en */,
			);
			name = InfoPlist.strings;
			sourceTree = "<group>";
		};
		1BC0D3E2186284B40052F2B1 /* Credits.rtf */ = {
			isa = PBXVariantGroup;
			children = (
				1BC0D3E3186284B40052F2B1 /* en */,
			);
			name = Credits.rtf;
			sourceTree = "<group>";
		};
		1BC0D3E8186284B40052F2B1 /* MainMenu.xib */ = {
			isa = PBXVariantGroup;
			children = (
				1BC0D3E9186284B40052F2B1 /* Base */,
			);
			name = MainMenu.xib;
			sourceTree = "<group>";
		};
		1BC0D3FA186284B40052F2B1 /* InfoPlist.strings */ = {
			isa = PBXVariantGroup;
			children = (
				1BC0D3FB186284B40052F2B1 /* en */,
			);
			name = InfoPlist.strings;
			sourceTree = "<group>";
		};
/* End PBXVariantGroup section */

/* Begin XCBuildConfiguration section */
		1BC0D3FF186284B40052F2B1 /* Debug */ = {
			isa = XCBuildConfiguration;
			buildSettings = {
				ALWAYS_SEARCH_USER_PATHS = NO;
				CLANG_CXX_LANGUAGE_STANDARD = "gnu++0x";
				CLANG_CXX_LIBRARY = "libc++";
				CLANG_ENABLE_OBJC_ARC = YES;
				CLANG_WARN_BOOL_CONVERSION = YES;
				CLANG_WARN_CONSTANT_CONVERSION = YES;
				CLANG_WARN_DIRECT_OBJC_ISA_USAGE = YES_ERROR;
				CLANG_WARN_EMPTY_BODY = YES;
				CLANG_WARN_ENUM_CONVERSION = YES;
				CLANG_WARN_INT_CONVERSION = YES;
				CLANG_WARN_OBJC_ROOT_CLASS = YES_ERROR;
				CLANG_WARN__DUPLICATE_METHOD_MATCH = YES;
				COPY_PHASE_STRIP = NO;
				GCC_C_LANGUAGE_STANDARD = gnu99;
				GCC_DYNAMIC_NO_PIC = NO;
				GCC_ENABLE_OBJC_EXCEPTIONS = YES;
				GCC_OPTIMIZATION_LEVEL = 0;
				GCC_PREPROCESSOR_DEFINITIONS = (
					"DEBUG=1",
					"$(inherited)",
				);
				GCC_SYMBOLS_PRIVATE_EXTERN = NO;
				GCC_WARN_64_TO_32_BIT_CONVERSION = YES;
				GCC_WARN_ABOUT_RETURN_TYPE = YES_ERROR;
				GCC_WARN_UNDECLARED_SELECTOR = YES;
				GCC_WARN_UNINITIALIZED_AUTOS = YES;
				GCC_WARN_UNUSED_FUNCTION = YES;
				GCC_WARN_UNUSED_VARIABLE = YES;
				MACOSX_DEPLOYMENT_TARGET = 10.9;
				ONLY_ACTIVE_ARCH = YES;
				SDKROOT = macosx;
			};
			name = Debug;
		};
		1BC0D400186284B40052F2B1 /* Release */ = {
			isa = XCBuildConfiguration;
			buildSettings = {
				ALWAYS_SEARCH_USER_PATHS = NO;
				CLANG_CXX_LANGUAGE_STANDARD = "gnu++0x";
				CLANG_CXX_LIBRARY = "libc++";
				CLANG_ENABLE_OBJC_ARC = YES;
				CLANG_WARN_BOOL_CONVERSION = YES;
				CLANG_WARN_CONSTANT_CONVERSION = YES;
				CLANG_WARN_DIRECT_OBJC_ISA_USAGE = YES_ERROR;
				CLANG_WARN_EMPTY_BODY = YES;
				CLANG_WARN_ENUM_CONVERSION = YES;
				CLANG_WARN_INT_CONVERSION = YES;
				CLANG_WARN_OBJC_ROOT_CLASS = YES_ERROR;
				CLANG_WARN__DUPLICATE_METHOD_MATCH = YES;
				COPY_PHASE_STRIP = YES;
				DEBUG_INFORMATION_FORMAT = "dwarf-with-dsym";
				ENABLE_NS_ASSERTIONS = NO;
				GCC_C_LANGUAGE_STANDARD = gnu99;
				GCC_ENABLE_OBJC_EXCEPTIONS = YES;
				GCC_WARN_64_TO_32_BIT_CONVERSION = YES;
				GCC_WARN_ABOUT_RETURN_TYPE = YES_ERROR;
				GCC_WARN_UNDECLARED_SELECTOR = YES;
				GCC_WARN_UNINITIALIZED_AUTOS = YES;
				GCC_WARN_UNUSED_FUNCTION = YES;
				GCC_WARN_UNUSED_VARIABLE = YES;
				MACOSX_DEPLOYMENT_TARGET = 10.9;
				SDKROOT = macosx;
			};
			name = Release;
		};
		1BC0D402186284B40052F2B1 /* Debug */ = {
			isa = XCBuildConfiguration;
			buildSettings = {
				ASSETCATALOG_COMPILER_APPICON_NAME = AppIcon;
				COMBINE_HIDPI_IMAGES = YES;
				GCC_PRECOMPILE_PREFIX_HEADER = YES;
				GCC_PREFIX_HEADER = "Advanced Contact Manager/Advanced Contact Manager-Prefix.pch";
				INFOPLIST_FILE = "Advanced Contact Manager/Advanced Contact Manager-Info.plist";
				PRODUCT_NAME = "$(TARGET_NAME)";
				WRAPPER_EXTENSION = app;
			};
			name = Debug;
		};
		1BC0D403186284B40052F2B1 /* Release */ = {
			isa = XCBuildConfiguration;
			buildSettings = {
				ASSETCATALOG_COMPILER_APPICON_NAME = AppIcon;
				COMBINE_HIDPI_IMAGES = YES;
				GCC_PRECOMPILE_PREFIX_HEADER = YES;
				GCC_PREFIX_HEADER = "Advanced Contact Manager/Advanced Contact Manager-Prefix.pch";
				INFOPLIST_FILE = "Advanced Contact Manager/Advanced Contact Manager-Info.plist";
				PRODUCT_NAME = "$(TARGET_NAME)";
				WRAPPER_EXTENSION = app;
			};
			name = Release;
		};
		1BC0D405186284B40052F2B1 /* Debug */ = {
			isa = XCBuildConfiguration;
			buildSettings = {
				BUNDLE_LOADER = "$(BUILT_PRODUCTS_DIR)/Advanced Contact Manager.app/Contents/MacOS/Advanced Contact Manager";
				COMBINE_HIDPI_IMAGES = YES;
				FRAMEWORK_SEARCH_PATHS = (
					"$(DEVELOPER_FRAMEWORKS_DIR)",
					"$(inherited)",
				);
				GCC_PRECOMPILE_PREFIX_HEADER = YES;
				GCC_PREFIX_HEADER = "Advanced Contact Manager/Advanced Contact Manager-Prefix.pch";
				GCC_PREPROCESSOR_DEFINITIONS = (
					"DEBUG=1",
					"$(inherited)",
				);
				INFOPLIST_FILE = "Advanced Contact ManagerTests/Advanced Contact ManagerTests-Info.plist";
				PRODUCT_NAME = "$(TARGET_NAME)";
				TEST_HOST = "$(BUNDLE_LOADER)";
				WRAPPER_EXTENSION = xctest;
			};
			name = Debug;
		};
		1BC0D406186284B40052F2B1 /* Release */ = {
			isa = XCBuildConfiguration;
			buildSettings = {
				BUNDLE_LOADER = "$(BUILT_PRODUCTS_DIR)/Advanced Contact Manager.app/Contents/MacOS/Advanced Contact Manager";
				COMBINE_HIDPI_IMAGES = YES;
				FRAMEWORK_SEARCH_PATHS = (
					"$(DEVELOPER_FRAMEWORKS_DIR)",
					"$(inherited)",
				);
				GCC_PRECOMPILE_PREFIX_HEADER = YES;
				GCC_PREFIX_HEADER = "Advanced Contact Manager/Advanced Contact Manager-Prefix.pch";
				INFOPLIST_FILE = "Advanced Contact ManagerTests/Advanced Contact ManagerTests-Info.plist";
				PRODUCT_NAME = "$(TARGET_NAME)";
				TEST_HOST = "$(BUNDLE_LOADER)";
				WRAPPER_EXTENSION = xctest;
			};
			name = Release;
		};
/* End XCBuildConfiguration section */

/* Begin XCConfigurationList section */
		1BC0D3CB186284B40052F2B1 /* Build configuration list for PBXProject "Advanced Contact Manager" */ = {
			isa = XCConfigurationList;
			buildConfigurations = (
				1BC0D3FF186284B40052F2B1 /* Debug */,
				1BC0D400186284B40052F2B1 /* Release */,
			);
			defaultConfigurationIsVisible = 0;
			defaultConfigurationName = Release;
		};
		1BC0D401186284B40052F2B1 /* Build configuration list for PBXNativeTarget "Advanced Contact Manager" */ = {
			isa = XCConfigurationList;
			buildConfigurations = (
				1BC0D402186284B40052F2B1 /* Debug */,
				1BC0D403186284B40052F2B1 /* Release */,
			);
			defaultConfigurationIsVisible = 0;
			defaultConfigurationName = Release;
		};
		1BC0D404186284B40052F2B1 /* Build configuration list for PBXNativeTarget "Advanced Contact ManagerTests" */ = {
			isa = XCConfigurationList;
			buildConfigurations = (
				1BC0D405186284B40052F2B1 /* Debug */,
				1BC0D406186284B40052F2B1 /* Release */,
			);
			defaultConfigurationIsVisible = 0;
			defaultConfigurationName = Release;
		};
/* End XCConfigurationList section */
	};
	rootObject = 1BC0D3C8186284B40052F2B1 /* Project object */;
}
